
Microsoft Visual Studio Solution File, Format Version 12.00
# Visual Studio Version 16
VisualStudioVersion = 16.0.28407.52
MinimumVisualStudioVersion = 10.0.40219.1
Project("{FAE04EC0-301F-11D3-BF4B-00C04F79EFBC}") = "PrismNavigation.Android", "PrismNavigation\PrismNavigation.Android\PrismNavigation.Android.csproj", "{1FDA5BB2-02AB-4947-9FFF-9B91B707E818}"
EndProject
Project("{FAE04EC0-301F-11D3-BF4B-00C04F79EFBC}") = "PrismNavigation", "PrismNavigation\PrismNavigation\PrismNavigation.csproj", "{8F2A8BC4-085B-46E8-81ED-C9D1C5C53B2D}"
EndProject
Global
	GlobalSection(SolutionConfigurationPlatforms) = preSolution
		Debug|Any CPU = Debug|Any CPU
		Release|Any CPU = Release|Any CPU
	EndGlobalSection
	GlobalSection(ProjectConfigurationPlatforms) = postSolution
		{1FDA5BB2-02AB-4947-9FFF-9B91B707E818}.Debug|Any CPU.ActiveCfg = Debug|Any CPU
		{1FDA5BB2-02AB-4947-9FFF-9B91B707E818}.Debug|Any CPU.Build.0 = Debug|Any CPU
		{1FDA5BB2-02AB-4947-9FFF-9B91B707E818}.Debug|Any CPU.Deploy.0 = Debug|Any CPU
		{1FDA5BB2-02AB-4947-9FFF-9B91B707E818}.Release|Any CPU.ActiveCfg = Release|Any CPU
		{1FDA5BB2-02AB-4947-9FFF-9B91B707E818}.Release|Any CPU.Build.0 = Release|Any CPU
		{1FDA5BB2-02AB-4947-9FFF-9B91B707E818}.Release|Any CPU.Deploy.0 = Release|Any CPU
		{8F2A8BC4-085B-46E8-81ED-C9D1C5C53B2D}.Debug|Any CPU.ActiveCfg = Debug|Any CPU
		{8F2A8BC4-085B-46E8-81ED-C9D1C5C53B2D}.Debug|Any CPU.Build.0 = Debug|Any CPU
		{8F2A8BC4-085B-46E8-81ED-C9D1C5C53B2D}.Debug|Any CPU.Deploy.0 = Debug|Any CPU
		{8F2A8BC4-085B-46E8-81ED-C9D1C5C53B2D}.Release|Any CPU.ActiveCfg = Release|Any CPU
		{8F2A8BC4-085B-46E8-81ED-C9D1C5C53B2D}.Release|Any CPU.Build.0 = Release|Any CPU
		{8F2A8BC4-085B-46E8-81ED-C9D1C5C53B2D}.Release|Any CPU.Deploy.0 = Release|Any CPU
	EndGlobalSection
	GlobalSection(SolutionProperties) = preSolution
		HideSolutionNode = FALSE
	EndGlobalSection
	GlobalSection(ExtensibilityGlobals) = postSolution
		SolutionGuid = {84EDD35B-8492-4DEF-A924-BA19E555D6BE}
	EndGlobalSection
EndGlobal
